// !$*UTF8*$!
{
	archiveVersion = 1;
	classes = {
	};
	objectVersion = 56;
	objects = {

/* Begin PBXBuildFile section */
		A60BD5EF2BF5E42F00F63359 /* CopyUIBApp.swift in Sources */ = {isa = PBXBuildFile; fileRef = A60BD5EE2BF5E42F00F63359 /* CopyUIBApp.swift */; };
		A60BD5F12BF5E42F00F63359 /* ContentView.swift in Sources */ = {isa = PBXBuildFile; fileRef = A60BD5F02BF5E42F00F63359 /* ContentView.swift */; };
		A60BD5F32BF5E43100F63359 /* Assets.xcassets in Resources */ = {isa = PBXBuildFile; fileRef = A60BD5F22BF5E43100F63359 /* Assets.xcassets */; };
		A60BD5F62BF5E43100F63359 /* Preview Assets.xcassets in Resources */ = {isa = PBXBuildFile; fileRef = A60BD5F52BF5E43100F63359 /* Preview Assets.xcassets */; };
		A60BD60B2BF5E48200F63359 /* ServerConstants.swift in Sources */ = {isa = PBXBuildFile; fileRef = A60BD5FD2BF5E48200F63359 /* ServerConstants.swift */; };
		A60BD60C2BF5E48200F63359 /* MainContainerViewModel.swift in Sources */ = {isa = PBXBuildFile; fileRef = A60BD5FF2BF5E48200F63359 /* MainContainerViewModel.swift */; };
		A60BD60D2BF5E48200F63359 /* MainContainerScreen.swift in Sources */ = {isa = PBXBuildFile; fileRef = A60BD6002BF5E48200F63359 /* MainContainerScreen.swift */; };
		A60BD60E2BF5E48200F63359 /* BottomSheet.swift in Sources */ = {isa = PBXBuildFile; fileRef = A60BD6012BF5E48200F63359 /* BottomSheet.swift */; };
		A60BD60F2BF5E48200F63359 /* EtcMenuScreen.swift in Sources */ = {isa = PBXBuildFile; fileRef = A60BD6022BF5E48200F63359 /* EtcMenuScreen.swift */; };
		A60BD6102BF5E48200F63359 /* WKWebViewPractice.swift in Sources */ = {isa = PBXBuildFile; fileRef = A60BD6032BF5E48200F63359 /* WKWebViewPractice.swift */; };
		A60BD6112BF5E48200F63359 /* UIBLogger.swift in Sources */ = {isa = PBXBuildFile; fileRef = A60BD6062BF5E48200F63359 /* UIBLogger.swift */; };
		A60BD6122BF5E48200F63359 /* UserDefaultExtensions.swift in Sources */ = {isa = PBXBuildFile; fileRef = A60BD60A2BF5E48200F63359 /* UserDefaultExtensions.swift */; };
		A60BD6142BF5E4ED00F63359 /* BottomNavigation.swift in Sources */ = {isa = PBXBuildFile; fileRef = A60BD6132BF5E4ED00F63359 /* BottomNavigation.swift */; };
/* End PBXBuildFile section */

/* Begin PBXFileReference section */
		A60BD5EB2BF5E42F00F63359 /* CopyUIB.app */ = {isa = PBXFileReference; explicitFileType = wrapper.application; includeInIndex = 0; path = CopyUIB.app; sourceTree = BUILT_PRODUCTS_DIR; };
		A60BD5EE2BF5E42F00F63359 /* CopyUIBApp.swift */ = {isa = PBXFileReference; lastKnownFileType = sourcecode.swift; path = CopyUIBApp.swift; sourceTree = "<group>"; };
		A60BD5F02BF5E42F00F63359 /* ContentView.swift */ = {isa = PBXFileReference; lastKnownFileType = sourcecode.swift; path = ContentView.swift; sourceTree = "<group>"; };
		A60BD5F22BF5E43100F63359 /* Assets.xcassets */ = {isa = PBXFileReference; lastKnownFileType = folder.assetcatalog; path = Assets.xcassets; sourceTree = "<group>"; };
		A60BD5F52BF5E43100F63359 /* Preview Assets.xcassets */ = {isa = PBXFileReference; lastKnownFileType = folder.assetcatalog; path = "Preview Assets.xcassets"; sourceTree = "<group>"; };
		A60BD5FD2BF5E48200F63359 /* ServerConstants.swift */ = {isa = PBXFileReference; fileEncoding = 4; lastKnownFileType = sourcecode.swift; path = ServerConstants.swift; sourceTree = "<group>"; };
		A60BD5FF2BF5E48200F63359 /* MainContainerViewModel.swift */ = {isa = PBXFileReference; fileEncoding = 4; lastKnownFileType = sourcecode.swift; path = MainContainerViewModel.swift; sourceTree = "<group>"; };
		A60BD6002BF5E48200F63359 /* MainContainerScreen.swift */ = {isa = PBXFileReference; fileEncoding = 4; lastKnownFileType = sourcecode.swift; path = MainContainerScreen.swift; sourceTree = "<group>"; };
		A60BD6012BF5E48200F63359 /* BottomSheet.swift */ = {isa = PBXFileReference; fileEncoding = 4; lastKnownFileType = sourcecode.swift; path = BottomSheet.swift; sourceTree = "<group>"; };
		A60BD6022BF5E48200F63359 /* EtcMenuScreen.swift */ = {isa = PBXFileReference; fileEncoding = 4; lastKnownFileType = sourcecode.swift; path = EtcMenuScreen.swift; sourceTree = "<group>"; };
		A60BD6032BF5E48200F63359 /* WKWebViewPractice.swift */ = {isa = PBXFileReference; fileEncoding = 4; lastKnownFileType = sourcecode.swift; path = WKWebViewPractice.swift; sourceTree = "<group>"; };
		A60BD6062BF5E48200F63359 /* UIBLogger.swift */ = {isa = PBXFileReference; fileEncoding = 4; lastKnownFileType = sourcecode.swift; path = UIBLogger.swift; sourceTree = "<group>"; };
		A60BD60A2BF5E48200F63359 /* UserDefaultExtensions.swift */ = {isa = PBXFileReference; fileEncoding = 4; lastKnownFileType = sourcecode.swift; path = UserDefaultExtensions.swift; sourceTree = "<group>"; };
		A60BD6132BF5E4ED00F63359 /* BottomNavigation.swift */ = {isa = PBXFileReference; fileEncoding = 4; lastKnownFileType = sourcecode.swift; path = BottomNavigation.swift; sourceTree = "<group>"; };
/* End PBXFileReference section */

/* Begin PBXFrameworksBuildPhase section */
		A60BD5E82BF5E42F00F63359 /* Frameworks */ = {
			isa = PBXFrameworksBuildPhase;
			buildActionMask = 2147483647;
			files = (
			);
			runOnlyForDeploymentPostprocessing = 0;
		};
/* End PBXFrameworksBuildPhase section */

/* Begin PBXGroup section */
		A60BD5E22BF5E42F00F63359 = {
			isa = PBXGroup;
			children = (
				A60BD5ED2BF5E42F00F63359 /* CopyUIB */,
				A60BD5EC2BF5E42F00F63359 /* Products */,
			);
			sourceTree = "<group>";
		};
		A60BD5EC2BF5E42F00F63359 /* Products */ = {
			isa = PBXGroup;
			children = (
				A60BD5EB2BF5E42F00F63359 /* CopyUIB.app */,
			);
			name = Products;
			sourceTree = "<group>";
		};
		A60BD5ED2BF5E42F00F63359 /* CopyUIB */ = {
			isa = PBXGroup;
			children = (
				A60BD6072BF5E48200F63359 /* Application */,
				A60BD6042BF5E48200F63359 /* Hybrid */,
				A60BD5FE2BF5E48200F63359 /* Presentation */,
				A60BD5FC2BF5E48200F63359 /* System */,
				A60BD5EE2BF5E42F00F63359 /* CopyUIBApp.swift */,
				A60BD5F02BF5E42F00F63359 /* ContentView.swift */,
				A60BD5F22BF5E43100F63359 /* Assets.xcassets */,
				A60BD5F42BF5E43100F63359 /* Preview Content */,
			);
			path = CopyUIB;
			sourceTree = "<group>";
		};
		A60BD5F42BF5E43100F63359 /* Preview Content */ = {
			isa = PBXGroup;
			children = (
				A60BD5F52BF5E43100F63359 /* Preview Assets.xcassets */,
			);
			path = "Preview Content";
			sourceTree = "<group>";
		};
		A60BD5FC2BF5E48200F63359 /* System */ = {
			isa = PBXGroup;
			children = (
				A60BD5FD2BF5E48200F63359 /* ServerConstants.swift */,
			);
			path = System;
			sourceTree = "<group>";
		};
		A60BD5FE2BF5E48200F63359 /* Presentation */ = {
			isa = PBXGroup;
			children = (
				A60BD6132BF5E4ED00F63359 /* BottomNavigation.swift */,
				A60BD5FF2BF5E48200F63359 /* MainContainerViewModel.swift */,
				A60BD6002BF5E48200F63359 /* MainContainerScreen.swift */,
				A60BD6012BF5E48200F63359 /* BottomSheet.swift */,
				A60BD6022BF5E48200F63359 /* EtcMenuScreen.swift */,
				A60BD6032BF5E48200F63359 /* WKWebViewPractice.swift */,
			);
			path = Presentation;
			sourceTree = "<group>";
		};
		A60BD6042BF5E48200F63359 /* Hybrid */ = {
			isa = PBXGroup;
			children = (
				A60BD6052BF5E48200F63359 /* Utilities */,
			);
			path = Hybrid;
			sourceTree = "<group>";
		};
		A60BD6052BF5E48200F63359 /* Utilities */ = {
			isa = PBXGroup;
			children = (
				A60BD6062BF5E48200F63359 /* UIBLogger.swift */,
			);
			path = Utilities;
			sourceTree = "<group>";
		};
		A60BD6072BF5E48200F63359 /* Application */ = {
			isa = PBXGroup;
			children = (
				A60BD6082BF5E48200F63359 /* Route */,
				A60BD6092BF5E48200F63359 /* Storage */,
			);
			path = Application;
			sourceTree = "<group>";
		};
		A60BD6082BF5E48200F63359 /* Route */ = {
			isa = PBXGroup;
			children = (
			);
			path = Route;
			sourceTree = "<group>";
		};
		A60BD6092BF5E48200F63359 /* Storage */ = {
			isa = PBXGroup;
			children = (
				A60BD60A2BF5E48200F63359 /* UserDefaultExtensions.swift */,
			);
			path = Storage;
			sourceTree = "<group>";
		};
/* End PBXGroup section */

/* Begin PBXNativeTarget section */
		A60BD5EA2BF5E42F00F63359 /* CopyUIB */ = {
			isa = PBXNativeTarget;
			buildConfigurationList = A60BD5F92BF5E43100F63359 /* Build configuration list for PBXNativeTarget "CopyUIB" */;
			buildPhases = (
				A60BD5E72BF5E42F00F63359 /* Sources */,
				A60BD5E82BF5E42F00F63359 /* Frameworks */,
				A60BD5E92BF5E42F00F63359 /* Resources */,
			);
			buildRules = (
			);
			dependencies = (
			);
			name = CopyUIB;
			productName = CopyUIB;
			productReference = A60BD5EB2BF5E42F00F63359 /* CopyUIB.app */;
			productType = "com.apple.product-type.application";
		};
/* End PBXNativeTarget section */

/* Begin PBXProject section */
		A60BD5E32BF5E42F00F63359 /* Project object */ = {
			isa = PBXProject;
			attributes = {
				BuildIndependentTargetsInParallel = 1;
				LastSwiftUpdateCheck = 1520;
				LastUpgradeCheck = 1520;
				TargetAttributes = {
					A60BD5EA2BF5E42F00F63359 = {
						CreatedOnToolsVersion = 15.2;
					};
				};
			};
			buildConfigurationList = A60BD5E62BF5E42F00F63359 /* Build configuration list for PBXProject "CopyUIB" */;
			compatibilityVersion = "Xcode 14.0";
			developmentRegion = en;
			hasScannedForEncodings = 0;
			knownRegions = (
				en,
				Base,
			);
			mainGroup = A60BD5E22BF5E42F00F63359;
			productRefGroup = A60BD5EC2BF5E42F00F63359 /* Products */;
			projectDirPath = "";
			projectRoot = "";
			targets = (
				A60BD5EA2BF5E42F00F63359 /* CopyUIB */,
			);
		};
/* End PBXProject section */

/* Begin PBXResourcesBuildPhase section */
		A60BD5E92BF5E42F00F63359 /* Resources */ = {
			isa = PBXResourcesBuildPhase;
			buildActionMask = 2147483647;
			files = (
				A60BD5F62BF5E43100F63359 /* Preview Assets.xcassets in Resources */,
				A60BD5F32BF5E43100F63359 /* Assets.xcassets in Resources */,
			);
			runOnlyForDeploymentPostprocessing = 0;
		};
/* End PBXResourcesBuildPhase section */

/* Begin PBXSourcesBuildPhase section */
		A60BD5E72BF5E42F00F63359 /* Sources */ = {
			isa = PBXSourcesBuildPhase;
			buildActionMask = 2147483647;
			files = (
				A60BD6102BF5E48200F63359 /* WKWebViewPractice.swift in Sources */,
				A60BD5F12BF5E42F00F63359 /* ContentView.swift in Sources */,
				A60BD60F2BF5E48200F63359 /* EtcMenuScreen.swift in Sources */,
				A60BD5EF2BF5E42F00F63359 /* CopyUIBApp.swift in Sources */,
				A60BD6112BF5E48200F63359 /* UIBLogger.swift in Sources */,
				A60BD60D2BF5E48200F63359 /* MainContainerScreen.swift in Sources */,
				A60BD60B2BF5E48200F63359 /* ServerConstants.swift in Sources */,
				A60BD60E2BF5E48200F63359 /* BottomSheet.swift in Sources */,
				A60BD6142BF5E4ED00F63359 /* BottomNavigation.swift in Sources */,
				A60BD6122BF5E48200F63359 /* UserDefaultExtensions.swift in Sources */,
				A60BD60C2BF5E48200F63359 /* MainContainerViewModel.swift in Sources */,
			);
			runOnlyForDeploymentPostprocessing = 0;
		};
/* End PBXSourcesBuildPhase section */

/* Begin XCBuildConfiguration section */
		A60BD5F72BF5E43100F63359 /* Debug */ = {
			isa = XCBuildConfiguration;
			buildSettings = {
				ALWAYS_SEARCH_USER_PATHS = NO;
				ASSETCATALOG_COMPILER_GENERATE_SWIFT_ASSET_SYMBOL_EXTENSIONS = YES;
				CLANG_ANALYZER_NONNULL = YES;
				CLANG_ANALYZER_NUMBER_OBJECT_CONVERSION = YES_AGGRESSIVE;
				CLANG_CXX_LANGUAGE_STANDARD = "gnu++20";
				CLANG_ENABLE_MODULES = YES;
				CLANG_ENABLE_OBJC_ARC = YES;
				CLANG_ENABLE_OBJC_WEAK = YES;
				CLANG_WARN_BLOCK_CAPTURE_AUTORELEASING = YES;
				CLANG_WARN_BOOL_CONVERSION = YES;
				CLANG_WARN_COMMA = YES;
				CLANG_WARN_CONSTANT_CONVERSION = YES;
				CLANG_WARN_DEPRECATED_OBJC_IMPLEMENTATIONS = YES;
				CLANG_WARN_DIRECT_OBJC_ISA_USAGE = YES_ERROR;
				CLANG_WARN_DOCUMENTATION_COMMENTS = YES;
				CLANG_WARN_EMPTY_BODY = YES;
				CLANG_WARN_ENUM_CONVERSION = YES;
				CLANG_WARN_INFINITE_RECURSION = YES;
				CLANG_WARN_INT_CONVERSION = YES;
				CLANG_WARN_NON_LITERAL_NULL_CONVERSION = YES;
				CLANG_WARN_OBJC_IMPLICIT_RETAIN_SELF = YES;
				CLANG_WARN_OBJC_LITERAL_CONVERSION = YES;
				CLANG_WARN_OBJC_ROOT_CLASS = YES_ERROR;
				CLANG_WARN_QUOTED_INCLUDE_IN_FRAMEWORK_HEADER = YES;
				CLANG_WARN_RANGE_LOOP_ANALYSIS = YES;
				CLANG_WARN_STRICT_PROTOTYPES = YES;
				CLANG_WARN_SUSPICIOUS_MOVE = YES;
				CLANG_WARN_UNGUARDED_AVAILABILITY = YES_AGGRESSIVE;
				CLANG_WARN_UNREACHABLE_CODE = YES;
				CLANG_WARN__DUPLICATE_METHOD_MATCH = YES;
				COPY_PHASE_STRIP = NO;
				DEBUG_INFORMATION_FORMAT = dwarf;
				ENABLE_STRICT_OBJC_MSGSEND = YES;
				ENABLE_TESTABILITY = YES;
				ENABLE_USER_SCRIPT_SANDBOXING = YES;
				GCC_C_LANGUAGE_STANDARD = gnu17;
				GCC_DYNAMIC_NO_PIC = NO;
				GCC_NO_COMMON_BLOCKS = YES;
				GCC_OPTIMIZATION_LEVEL = 0;
				GCC_PREPROCESSOR_DEFINITIONS = (
					"DEBUG=1",
					"$(inherited)",
				);
				GCC_WARN_64_TO_32_BIT_CONVERSION = YES;
				GCC_WARN_ABOUT_RETURN_TYPE = YES_ERROR;
				GCC_WARN_UNDECLARED_SELECTOR = YES;
				GCC_WARN_UNINITIALIZED_AUTOS = YES_AGGRESSIVE;
				GCC_WARN_UNUSED_FUNCTION = YES;
				GCC_WARN_UNUSED_VARIABLE = YES;
				IPHONEOS_DEPLOYMENT_TARGET = 17.2;
				LOCALIZATION_PREFERS_STRING_CATALOGS = YES;
				MTL_ENABLE_DEBUG_INFO = INCLUDE_SOURCE;
				MTL_FAST_MATH = YES;
				ONLY_ACTIVE_ARCH = YES;
				SDKROOT = iphoneos;
				SWIFT_ACTIVE_COMPILATION_CONDITIONS = "DEBUG $(inherited)";
				SWIFT_OPTIMIZATION_LEVEL = "-Onone";
			};
			name = Debug;
		};
		A60BD5F82BF5E43100F63359 /* Release */ = {
			isa = XCBuildConfiguration;
			buildSettings = {
				ALWAYS_SEARCH_USER_PATHS = NO;
				ASSETCATALOG_COMPILER_GENERATE_SWIFT_ASSET_SYMBOL_EXTENSIONS = YES;
				CLANG_ANALYZER_NONNULL = YES;
				CLANG_ANALYZER_NUMBER_OBJECT_CONVERSION = YES_AGGRESSIVE;
				CLANG_CXX_LANGUAGE_STANDARD = "gnu++20";
				CLANG_ENABLE_MODULES = YES;
				CLANG_ENABLE_OBJC_ARC = YES;
				CLANG_ENABLE_OBJC_WEAK = YES;
				CLANG_WARN_BLOCK_CAPTURE_AUTORELEASING = YES;
				CLANG_WARN_BOOL_CONVERSION = YES;
				CLANG_WARN_COMMA = YES;
				CLANG_WARN_CONSTANT_CONVERSION = YES;
				CLANG_WARN_DEPRECATED_OBJC_IMPLEMENTATIONS = YES;
				CLANG_WARN_DIRECT_OBJC_ISA_USAGE = YES_ERROR;
				CLANG_WARN_DOCUMENTATION_COMMENTS = YES;
				CLANG_WARN_EMPTY_BODY = YES;
				CLANG_WARN_ENUM_CONVERSION = YES;
				CLANG_WARN_INFINITE_RECURSION = YES;
				CLANG_WARN_INT_CONVERSION = YES;
				CLANG_WARN_NON_LITERAL_NULL_CONVERSION = YES;
				CLANG_WARN_OBJC_IMPLICIT_RETAIN_SELF = YES;
				CLANG_WARN_OBJC_LITERAL_CONVERSION = YES;
				CLANG_WARN_OBJC_ROOT_CLASS = YES_ERROR;
				CLANG_WARN_QUOTED_INCLUDE_IN_FRAMEWORK_HEADER = YES;
				CLANG_WARN_RANGE_LOOP_ANALYSIS = YES;
				CLANG_WARN_STRICT_PROTOTYPES = YES;
				CLANG_WARN_SUSPICIOUS_MOVE = YES;
				CLANG_WARN_UNGUARDED_AVAILABILITY = YES_AGGRESSIVE;
				CLANG_WARN_UNREACHABLE_CODE = YES;
				CLANG_WARN__DUPLICATE_METHOD_MATCH = YES;
				COPY_PHASE_STRIP = NO;
				DEBUG_INFORMATION_FORMAT = "dwarf-with-dsym";
				ENABLE_NS_ASSERTIONS = NO;
				ENABLE_STRICT_OBJC_MSGSEND = YES;
				ENABLE_USER_SCRIPT_SANDBOXING = YES;
				GCC_C_LANGUAGE_STANDARD = gnu17;
				GCC_NO_COMMON_BLOCKS = YES;
				GCC_WARN_64_TO_32_BIT_CONVERSION = YES;
				GCC_WARN_ABOUT_RETURN_TYPE = YES_ERROR;
				GCC_WARN_UNDECLARED_SELECTOR = YES;
				GCC_WARN_UNINITIALIZED_AUTOS = YES_AGGRESSIVE;
				GCC_WARN_UNUSED_FUNCTION = YES;
				GCC_WARN_UNUSED_VARIABLE = YES;
				IPHONEOS_DEPLOYMENT_TARGET = 17.2;
				LOCALIZATION_PREFERS_STRING_CATALOGS = YES;
				MTL_ENABLE_DEBUG_INFO = NO;
				MTL_FAST_MATH = YES;
				SDKROOT = iphoneos;
				SWIFT_COMPILATION_MODE = wholemodule;
				VALIDATE_PRODUCT = YES;
			};
			name = Release;
		};
		A60BD5FA2BF5E43100F63359 /* Debug */ = {
			isa = XCBuildConfiguration;
			buildSettings = {
				ASSETCATALOG_COMPILER_APPICON_NAME = AppIcon;
				ASSETCATALOG_COMPILER_GLOBAL_ACCENT_COLOR_NAME = AccentColor;
				CODE_SIGN_STYLE = Automatic;
				CURRENT_PROJECT_VERSION = 1;
				DEVELOPMENT_ASSET_PATHS = "\"CopyUIB/Preview Content\"";
				DEVELOPMENT_TEAM = 249F64AXL7;
				ENABLE_PREVIEWS = YES;
				GENERATE_INFOPLIST_FILE = YES;
				INFOPLIST_KEY_UIApplicationSceneManifest_Generation = YES;
				INFOPLIST_KEY_UIApplicationSupportsIndirectInputEvents = YES;
				INFOPLIST_KEY_UILaunchScreen_Generation = YES;
				INFOPLIST_KEY_UISupportedInterfaceOrientations_iPad = "UIInterfaceOrientationPortrait UIInterfaceOrientationPortraitUpsideDown UIInterfaceOrientationLandscapeLeft UIInterfaceOrientationLandscapeRight";
				INFOPLIST_KEY_UISupportedInterfaceOrientations_iPhone = "UIInterfaceOrientationPortrait UIInterfaceOrientationLandscapeLeft UIInterfaceOrientationLandscapeRight";
				LD_RUNPATH_SEARCH_PATHS = (
					"$(inherited)",
					"@executable_path/Frameworks",
				);
				MARKETING_VERSION = 1.0;
				PRODUCT_BUNDLE_IDENTIFIER = kiraboshi.CopyUIB;
				PRODUCT_NAME = "$(TARGET_NAME)";
				SWIFT_EMIT_LOC_STRINGS = YES;
				SWIFT_VERSION = 5.0;
				TARGETED_DEVICE_FAMILY = "1,2";
			};
			name = Debug;
		};
		A60BD5FB2BF5E43100F63359 /* Release */ = {
			isa = XCBuildConfiguration;
			buildSettings = {
				ASSETCATALOG_COMPILER_APPICON_NAME = AppIcon;
				ASSETCATALOG_COMPILER_GLOBAL_ACCENT_COLOR_NAME = AccentColor;
				CODE_SIGN_STYLE = Automatic;
				CURRENT_PROJECT_VERSION = 1;
				DEVELOPMENT_ASSET_PATHS = "\"CopyUIB/Preview Content\"";
				DEVELOPMENT_TEAM = 249F64AXL7;
				ENABLE_PREVIEWS = YES;
				GENERATE_INFOPLIST_FILE = YES;
				INFOPLIST_KEY_UIApplicationSceneManifest_Generation = YES;
				INFOPLIST_KEY_UIApplicationSupportsIndirectInputEvents = YES;
				INFOPLIST_KEY_UILaunchScreen_Generation = YES;
				INFOPLIST_KEY_UISupportedInterfaceOrientations_iPad = "UIInterfaceOrientationPortrait UIInterfaceOrientationPortraitUpsideDown UIInterfaceOrientationLandscapeLeft UIInterfaceOrientationLandscapeRight";
				INFOPLIST_KEY_UISupportedInterfaceOrientations_iPhone = "UIInterfaceOrientationPortrait UIInterfaceOrientationLandscapeLeft UIInterfaceOrientationLandscapeRight";
				LD_RUNPATH_SEARCH_PATHS = (
					"$(inherited)",
					"@executable_path/Frameworks",
				);
				MARKETING_VERSION = 1.0;
				PRODUCT_BUNDLE_IDENTIFIER = kiraboshi.CopyUIB;
				PRODUCT_NAME = "$(TARGET_NAME)";
				SWIFT_EMIT_LOC_STRINGS = YES;
				SWIFT_VERSION = 5.0;
				TARGETED_DEVICE_FAMILY = "1,2";
			};
			name = Release;
		};
/* End XCBuildConfiguration section */

/* Begin XCConfigurationList section */
		A60BD5E62BF5E42F00F63359 /* Build configuration list for PBXProject "CopyUIB" */ = {
			isa = XCConfigurationList;
			buildConfigurations = (
				A60BD5F72BF5E43100F63359 /* Debug */,
				A60BD5F82BF5E43100F63359 /* Release */,
			);
			defaultConfigurationIsVisible = 0;
			defaultConfigurationName = Release;
		};
		A60BD5F92BF5E43100F63359 /* Build configuration list for PBXNativeTarget "CopyUIB" */ = {
			isa = XCConfigurationList;
			buildConfigurations = (
				A60BD5FA2BF5E43100F63359 /* Debug */,
				A60BD5FB2BF5E43100F63359 /* Release */,
			);
			defaultConfigurationIsVisible = 0;
			defaultConfigurationName = Release;
		};
/* End XCConfigurationList section */
	};
	rootObject = A60BD5E32BF5E42F00F63359 /* Project object */;
}
